{
  "object": {
    "pins": [
      {
        "package": "HJCalendarView",
        "repositoryURL": "https://github.com/Hyun-je/HJCalendarView-swift.git",
        "state": {
          "branch": "master",
          "revision": "1540e4dcce400b2eb4ebfef58ef82d0d20e22e06",
          "version": null
        }
      }
    ]
  },
  "version": 1
}
